
Microsoft Visual Studio Solution File, Format Version 11.00
# Visual Studio 2010
Project("{FAE04EC0-301F-11D3-BF4B-00C04F79EFBC}") = "PayRoll.BLL", "PayRoll.BLL\PayRoll.BLL.csproj", "{1A787730-B9AF-4610-9352-CF674F6B579A}"
EndProject
Project("{FAE04EC0-301F-11D3-BF4B-00C04F79EFBC}") = "PayRoll.UnitTest", "PayRoll.UnitTest\PayRoll.UnitTest.csproj", "{8BA5E3F8-0605-4114-8EE1-025BE0B1DEC1}"
EndProject
Project("{FAE04EC0-301F-11D3-BF4B-00C04F79EFBC}") = "PayRoll.Dal", "PayRoll.Dal\PayRoll.Dal.csproj", "{CE057889-FAA9-43CF-A8EB-EEDF2BCDB932}"
EndProject
Global
	GlobalSection(SolutionConfigurationPlatforms) = preSolution
		Debug|Any CPU = Debug|Any CPU
		Release|Any CPU = Release|Any CPU
	EndGlobalSection
	GlobalSection(ProjectConfigurationPlatforms) = postSolution
		{1A787730-B9AF-4610-9352-CF674F6B579A}.Debug|Any CPU.ActiveCfg = Debug|Any CPU
		{1A787730-B9AF-4610-9352-CF674F6B579A}.Debug|Any CPU.Build.0 = Debug|Any CPU
		{1A787730-B9AF-4610-9352-CF674F6B579A}.Release|Any CPU.ActiveCfg = Release|Any CPU
		{1A787730-B9AF-4610-9352-CF674F6B579A}.Release|Any CPU.Build.0 = Release|Any CPU
		{8BA5E3F8-0605-4114-8EE1-025BE0B1DEC1}.Debug|Any CPU.ActiveCfg = Debug|Any CPU
		{8BA5E3F8-0605-4114-8EE1-025BE0B1DEC1}.Debug|Any CPU.Build.0 = Debug|Any CPU
		{8BA5E3F8-0605-4114-8EE1-025BE0B1DEC1}.Release|Any CPU.ActiveCfg = Release|Any CPU
		{8BA5E3F8-0605-4114-8EE1-025BE0B1DEC1}.Release|Any CPU.Build.0 = Release|Any CPU
		{CE057889-FAA9-43CF-A8EB-EEDF2BCDB932}.Debug|Any CPU.ActiveCfg = Debug|Any CPU
		{CE057889-FAA9-43CF-A8EB-EEDF2BCDB932}.Debug|Any CPU.Build.0 = Debug|Any CPU
		{CE057889-FAA9-43CF-A8EB-EEDF2BCDB932}.Release|Any CPU.ActiveCfg = Release|Any CPU
		{CE057889-FAA9-43CF-A8EB-EEDF2BCDB932}.Release|Any CPU.Build.0 = Release|Any CPU
	EndGlobalSection
	GlobalSection(SolutionProperties) = preSolution
		HideSolutionNode = FALSE
	EndGlobalSection
EndGlobal
